
Microsoft Visual Studio Solution File, Format Version 11.00
# Visual C# Express 2010
Project("{FAE04EC0-301F-11D3-BF4B-00C04F79EFBC}") = "EGuardClient", "EGuardClient\EGuardClient.csproj", "{08060434-0204-4D97-8F65-8D7DA350A4FA}"
EndProject
Project("{54435603-DBB4-11D2-8724-00A0C9A8B90C}") = "EGuardClientSetup", "EGuardClientSetup\EGuardClientSetup.vdproj", "{F093097A-7108-42D7-B750-AA6D4B535B08}"
EndProject
Project("{FAE04EC0-301F-11D3-BF4B-00C04F79EFBC}") = "EGuardClientService", "EGuardClientService\EGuardClientService.csproj", "{7E161AF7-12B7-4530-A685-41228A14C66A}"
EndProject
Global
	GlobalSection(SolutionConfigurationPlatforms) = preSolution
		Debug|x86 = Debug|x86
		Release|x86 = Release|x86
	EndGlobalSection
	GlobalSection(ProjectConfigurationPlatforms) = postSolution
		{08060434-0204-4D97-8F65-8D7DA350A4FA}.Debug|x86.ActiveCfg = Debug|x86
		{08060434-0204-4D97-8F65-8D7DA350A4FA}.Debug|x86.Build.0 = Debug|x86
		{08060434-0204-4D97-8F65-8D7DA350A4FA}.Release|x86.ActiveCfg = Release|x86
		{08060434-0204-4D97-8F65-8D7DA350A4FA}.Release|x86.Build.0 = Release|x86
		{F093097A-7108-42D7-B750-AA6D4B535B08}.Debug|x86.ActiveCfg = Debug
		{F093097A-7108-42D7-B750-AA6D4B535B08}.Release|x86.ActiveCfg = Release
		{7E161AF7-12B7-4530-A685-41228A14C66A}.Debug|x86.ActiveCfg = Debug|x86
		{7E161AF7-12B7-4530-A685-41228A14C66A}.Debug|x86.Build.0 = Debug|x86
		{7E161AF7-12B7-4530-A685-41228A14C66A}.Release|x86.ActiveCfg = Release|x86
		{7E161AF7-12B7-4530-A685-41228A14C66A}.Release|x86.Build.0 = Release|x86
	EndGlobalSection
	GlobalSection(SolutionProperties) = preSolution
		HideSolutionNode = FALSE
	EndGlobalSection
EndGlobal
